# This file is generated by running "yarn install" inside your project.
# Manual changes might be lost - proceed with caution!

__metadata:
  version: 6
  cacheKey: 8

"@masx200/universal-thread-pool@workspace:.":
  version: 0.0.0-use.local
  resolution: "@masx200/universal-thread-pool@workspace:."
  dependencies:
    "@vue/reactivity": ^3.2.36
  languageName: unknown
  linkType: soft

"@vue/reactivity@npm:^3.2.36":
  version: 3.2.36
  resolution: "@vue/reactivity@npm:3.2.36"
  dependencies:
    "@vue/shared": 3.2.36
  checksum: 5246060d2083b8272b8c91d88bd07837d2bd1ff380b3902e9b0de4c9e9e280e0b77eae7830972e45de0bd73918885faee649dbfe6e66391b7ef5a59c4abb5f84
  languageName: node
  linkType: hard

"@vue/shared@npm:3.2.36":
  version: 3.2.36
  resolution: "@vue/shared@npm:3.2.36"
  checksum: ffce62a32af0371bb9efd98a918183517a1b9267012d6a064a591acd2a2b128062c5fe97c0f6a0dd0aefed3695f01b593cd9ee08cb247efb6a167b738af5bf65
  languageName: node
  linkType: hard
