# This file is generated by running "yarn install" inside your project.
# Manual changes might be lost - proceed with caution!

__metadata:
  version: 6

"@masx200/universal-thread-pool@workspace:.":
  version: 0.0.0-use.local
  resolution: "@masx200/universal-thread-pool@workspace:."
  languageName: unknown
  linkType: soft
