# THIS IS AN AUTOGENERATED FILE. DO NOT EDIT THIS FILE DIRECTLY.
# yarn lockfile v1


"@vue/reactivity@3.2.33":
  version "3.2.33"
  resolved "https://registry.yarnpkg.com/@vue/reactivity/-/reactivity-3.2.33.tgz#c84eedb5225138dbfc2472864c151d3efbb4b673"
  integrity sha512-62Sq0mp9/0bLmDuxuLD5CIaMG2susFAGARLuZ/5jkU1FCf9EDbwUuF+BO8Ub3Rbodx0ziIecM/NsmyjardBxfQ==
  dependencies:
    "@vue/shared" "3.2.33"

"@vue/shared@3.2.33":
  version "3.2.33"
  resolved "https://registry.yarnpkg.com/@vue/shared/-/shared-3.2.33.tgz#69a8c99ceb37c1b031d5cc4aec2ff1dc77e1161e"
  integrity sha512-UBc1Pg1T3yZ97vsA2ueER0F6GbJebLHYlEi4ou1H5YL4KWvMOOWwpYo9/QpWq93wxKG6Wo13IY74Hcn/f7c7Bg==
